
Microsoft Visual Studio Solution File, Format Version 12.00
# Visual Studio Version 17
VisualStudioVersion = 17.8.34511.84
MinimumVisualStudioVersion = 10.0.40219.1
Project("{FAE04EC0-301F-11D3-BF4B-00C04F79EFBC}") = "Lecture 05 Revision Task", "Lecture 05 Revision Task\Lecture 05 Revision Task.csproj", "{A139D2C8-A2A7-4E91-834E-79302BB624AC}"
EndProject
Global
	GlobalSection(SolutionConfigurationPlatforms) = preSolution
		Debug|Any CPU = Debug|Any CPU
		Release|Any CPU = Release|Any CPU
	EndGlobalSection
	GlobalSection(ProjectConfigurationPlatforms) = postSolution
		{A139D2C8-A2A7-4E91-834E-79302BB624AC}.Debug|Any CPU.ActiveCfg = Debug|Any CPU
		{A139D2C8-A2A7-4E91-834E-79302BB624AC}.Debug|Any CPU.Build.0 = Debug|Any CPU
		{A139D2C8-A2A7-4E91-834E-79302BB624AC}.Release|Any CPU.ActiveCfg = Release|Any CPU
		{A139D2C8-A2A7-4E91-834E-79302BB624AC}.Release|Any CPU.Build.0 = Release|Any CPU
	EndGlobalSection
	GlobalSection(SolutionProperties) = preSolution
		HideSolutionNode = FALSE
	EndGlobalSection
	GlobalSection(ExtensibilityGlobals) = postSolution
		SolutionGuid = {D0D89D34-ABE1-4531-A4F7-5EAD79712B5D}
	EndGlobalSection
EndGlobal
