
Microsoft Visual Studio Solution File, Format Version 12.00
# Visual Studio Version 17
VisualStudioVersion = 17.8.34511.84
MinimumVisualStudioVersion = 10.0.40219.1
Project("{FAE04EC0-301F-11D3-BF4B-00C04F79EFBC}") = "Lecture 02 Task 02", "Lecture 02 Task 02\Lecture 02 Task 02.csproj", "{04F4522C-8D5D-4AB6-8570-8007D6091949}"
EndProject
Global
	GlobalSection(SolutionConfigurationPlatforms) = preSolution
		Debug|Any CPU = Debug|Any CPU
		Release|Any CPU = Release|Any CPU
	EndGlobalSection
	GlobalSection(ProjectConfigurationPlatforms) = postSolution
		{04F4522C-8D5D-4AB6-8570-8007D6091949}.Debug|Any CPU.ActiveCfg = Debug|Any CPU
		{04F4522C-8D5D-4AB6-8570-8007D6091949}.Debug|Any CPU.Build.0 = Debug|Any CPU
		{04F4522C-8D5D-4AB6-8570-8007D6091949}.Release|Any CPU.ActiveCfg = Release|Any CPU
		{04F4522C-8D5D-4AB6-8570-8007D6091949}.Release|Any CPU.Build.0 = Release|Any CPU
	EndGlobalSection
	GlobalSection(SolutionProperties) = preSolution
		HideSolutionNode = FALSE
	EndGlobalSection
	GlobalSection(ExtensibilityGlobals) = postSolution
		SolutionGuid = {7AD27FDE-0230-46D9-913F-D317E4BAFCD0}
	EndGlobalSection
EndGlobal
