
Microsoft Visual Studio Solution File, Format Version 12.00
# Visual Studio Version 17
VisualStudioVersion = 17.8.34511.84
MinimumVisualStudioVersion = 10.0.40219.1
Project("{FAE04EC0-301F-11D3-BF4B-00C04F79EFBC}") = "Lecture 07 Task 01", "Lecture 07 Task 01\Lecture 07 Task 01.csproj", "{D2DD73CC-EF31-48E5-BC4E-450AD1263247}"
EndProject
Global
	GlobalSection(SolutionConfigurationPlatforms) = preSolution
		Debug|Any CPU = Debug|Any CPU
		Release|Any CPU = Release|Any CPU
	EndGlobalSection
	GlobalSection(ProjectConfigurationPlatforms) = postSolution
		{D2DD73CC-EF31-48E5-BC4E-450AD1263247}.Debug|Any CPU.ActiveCfg = Debug|Any CPU
		{D2DD73CC-EF31-48E5-BC4E-450AD1263247}.Debug|Any CPU.Build.0 = Debug|Any CPU
		{D2DD73CC-EF31-48E5-BC4E-450AD1263247}.Release|Any CPU.ActiveCfg = Release|Any CPU
		{D2DD73CC-EF31-48E5-BC4E-450AD1263247}.Release|Any CPU.Build.0 = Release|Any CPU
	EndGlobalSection
	GlobalSection(SolutionProperties) = preSolution
		HideSolutionNode = FALSE
	EndGlobalSection
	GlobalSection(ExtensibilityGlobals) = postSolution
		SolutionGuid = {C88FA7A4-28C3-4FBF-B6A4-852D002E7319}
	EndGlobalSection
EndGlobal
