
Microsoft Visual Studio Solution File, Format Version 12.00
# Visual Studio Version 17
VisualStudioVersion = 17.8.34511.84
MinimumVisualStudioVersion = 10.0.40219.1
Project("{FAE04EC0-301F-11D3-BF4B-00C04F79EFBC}") = "Lecture 03 Task 02", "Lecture 03 Task 02\Lecture 03 Task 02.csproj", "{51214A67-5EB9-447C-87A5-6A5F376F5F1D}"
EndProject
Global
	GlobalSection(SolutionConfigurationPlatforms) = preSolution
		Debug|Any CPU = Debug|Any CPU
		Release|Any CPU = Release|Any CPU
	EndGlobalSection
	GlobalSection(ProjectConfigurationPlatforms) = postSolution
		{51214A67-5EB9-447C-87A5-6A5F376F5F1D}.Debug|Any CPU.ActiveCfg = Debug|Any CPU
		{51214A67-5EB9-447C-87A5-6A5F376F5F1D}.Debug|Any CPU.Build.0 = Debug|Any CPU
		{51214A67-5EB9-447C-87A5-6A5F376F5F1D}.Release|Any CPU.ActiveCfg = Release|Any CPU
		{51214A67-5EB9-447C-87A5-6A5F376F5F1D}.Release|Any CPU.Build.0 = Release|Any CPU
	EndGlobalSection
	GlobalSection(SolutionProperties) = preSolution
		HideSolutionNode = FALSE
	EndGlobalSection
	GlobalSection(ExtensibilityGlobals) = postSolution
		SolutionGuid = {858C6EE6-956F-4702-8556-75BADF09B4C8}
	EndGlobalSection
EndGlobal
