
Microsoft Visual Studio Solution File, Format Version 12.00
# Visual Studio Version 17
VisualStudioVersion = 17.8.34511.84
MinimumVisualStudioVersion = 10.0.40219.1
Project("{FAE04EC0-301F-11D3-BF4B-00C04F79EFBC}") = "Lecture 03 Task 01", "Lecture 03 Task 01\Lecture 03 Task 01.csproj", "{88D1EC71-0278-4E49-B46C-F6D2FE001903}"
EndProject
Global
	GlobalSection(SolutionConfigurationPlatforms) = preSolution
		Debug|Any CPU = Debug|Any CPU
		Release|Any CPU = Release|Any CPU
	EndGlobalSection
	GlobalSection(ProjectConfigurationPlatforms) = postSolution
		{88D1EC71-0278-4E49-B46C-F6D2FE001903}.Debug|Any CPU.ActiveCfg = Debug|Any CPU
		{88D1EC71-0278-4E49-B46C-F6D2FE001903}.Debug|Any CPU.Build.0 = Debug|Any CPU
		{88D1EC71-0278-4E49-B46C-F6D2FE001903}.Release|Any CPU.ActiveCfg = Release|Any CPU
		{88D1EC71-0278-4E49-B46C-F6D2FE001903}.Release|Any CPU.Build.0 = Release|Any CPU
	EndGlobalSection
	GlobalSection(SolutionProperties) = preSolution
		HideSolutionNode = FALSE
	EndGlobalSection
	GlobalSection(ExtensibilityGlobals) = postSolution
		SolutionGuid = {84450D10-139B-4F92-AAA4-3D5A74FA095A}
	EndGlobalSection
EndGlobal
