
Microsoft Visual Studio Solution File, Format Version 12.00
# Visual Studio Version 17
VisualStudioVersion = 17.8.34511.84
MinimumVisualStudioVersion = 10.0.40219.1
Project("{FAE04EC0-301F-11D3-BF4B-00C04F79EFBC}") = "Lecture 04 Task 02", "Lecture 04 Task 02\Lecture 04 Task 02.csproj", "{CB9FBD65-948C-4280-AFFA-5C984A0956B8}"
EndProject
Global
	GlobalSection(SolutionConfigurationPlatforms) = preSolution
		Debug|Any CPU = Debug|Any CPU
		Release|Any CPU = Release|Any CPU
	EndGlobalSection
	GlobalSection(ProjectConfigurationPlatforms) = postSolution
		{CB9FBD65-948C-4280-AFFA-5C984A0956B8}.Debug|Any CPU.ActiveCfg = Debug|Any CPU
		{CB9FBD65-948C-4280-AFFA-5C984A0956B8}.Debug|Any CPU.Build.0 = Debug|Any CPU
		{CB9FBD65-948C-4280-AFFA-5C984A0956B8}.Release|Any CPU.ActiveCfg = Release|Any CPU
		{CB9FBD65-948C-4280-AFFA-5C984A0956B8}.Release|Any CPU.Build.0 = Release|Any CPU
	EndGlobalSection
	GlobalSection(SolutionProperties) = preSolution
		HideSolutionNode = FALSE
	EndGlobalSection
	GlobalSection(ExtensibilityGlobals) = postSolution
		SolutionGuid = {C573EBC6-7B7E-4109-81D4-711252EABE6B}
	EndGlobalSection
EndGlobal
